// !$*UTF8*$!
{
	archiveVersion = 1;
	classes = {
	};
	objectVersion = 56;
	objects = {

/* Begin PBXGroup section */
		AA99913E293B1FDB00435240 = {
			isa = PBXGroup;
			children = (
			);
			sourceTree = "<group>";
		};
/* End PBXGroup section */

/* Begin PBXProject section */
		AA99913F293B1FDB00435240 /* Project object */ = {
			isa = PBXProject;
			attributes = {
				BuildIndependentTargetsInParallel = 1;
				LastUpgradeCheck = 1410;
			};
			buildConfigurationList = AA999142293B1FDB00435240 /* Build configuration list for PBXProject "Building MultiPlatform App in SwiftUI - MyRecipe App" */;
			compatibilityVersion = "Xcode 14.0";
			developmentRegion = en;
			hasScannedForEncodings = 0;
			knownRegions = (
				en,
				Base,
			);
			mainGroup = AA99913E293B1FDB00435240;
			projectDirPath = "";
			projectRoot = "";
			targets = (
			);
		};
/* End PBXProject section */

/* Begin XCBuildConfiguration section */
		AA999143293B1FDB00435240 /* Debug */ = {
			isa = XCBuildConfiguration;
			buildSettings = {
			};
			name = Debug;
		};
		AA999144293B1FDB00435240 /* Release */ = {
			isa = XCBuildConfiguration;
			buildSettings = {
			};
			name = Release;
		};
/* End XCBuildConfiguration section */

/* Begin XCConfigurationList section */
		AA999142293B1FDB00435240 /* Build configuration list for PBXProject "Building MultiPlatform App in SwiftUI - MyRecipe App" */ = {
			isa = XCConfigurationList;
			buildConfigurations = (
				AA999143293B1FDB00435240 /* Debug */,
				AA999144293B1FDB00435240 /* Release */,
			);
			defaultConfigurationIsVisible = 0;
			defaultConfigurationName = Release;
		};
/* End XCConfigurationList section */
	};
	rootObject = AA99913F293B1FDB00435240 /* Project object */;
}
